
Microsoft Visual Studio Solution File, Format Version 12.00
# Visual Studio Version 16
VisualStudioVersion = 16.0.30804.86
MinimumVisualStudioVersion = 10.0.40219.1
Project("{9A19103F-16F7-4668-BE54-9A1E7A4F7556}") = "ConsoleUI", "ConsoleUI\ConsoleUI.csproj", "{486787C5-E6AA-42AE-B3C1-46C1AA3EF20E}"
EndProject
Project("{9A19103F-16F7-4668-BE54-9A1E7A4F7556}") = "DataAccess", "DataAccess\DataAccess.csproj", "{521DBBA2-DFDE-4D4E-8B6F-DE498DE6FACA}"
EndProject
Project("{9A19103F-16F7-4668-BE54-9A1E7A4F7556}") = "Business", "Business\Business.csproj", "{AC4B8D45-DC63-4501-834E-CED4B35049E1}"
EndProject
Project("{9A19103F-16F7-4668-BE54-9A1E7A4F7556}") = "Entities", "Entities\Entities.csproj", "{B2AF7F2F-A931-42A9-B509-7CF52D971A71}"
EndProject
Project("{9A19103F-16F7-4668-BE54-9A1E7A4F7556}") = "Core", "Core\Core.csproj", "{5D50C3A8-1251-4E64-B8D3-D85125000E6B}"
EndProject
Project("{FAE04EC0-301F-11D3-BF4B-00C04F79EFBC}") = "WebAPI", "WebAPI\WebAPI.csproj", "{80AAB7DA-54F3-47FE-8AD1-DF47B952A34C}"
EndProject
Global
	GlobalSection(SolutionConfigurationPlatforms) = preSolution
		Debug|Any CPU = Debug|Any CPU
		Release|Any CPU = Release|Any CPU
	EndGlobalSection
	GlobalSection(ProjectConfigurationPlatforms) = postSolution
		{486787C5-E6AA-42AE-B3C1-46C1AA3EF20E}.Debug|Any CPU.ActiveCfg = Debug|Any CPU
		{486787C5-E6AA-42AE-B3C1-46C1AA3EF20E}.Debug|Any CPU.Build.0 = Debug|Any CPU
		{486787C5-E6AA-42AE-B3C1-46C1AA3EF20E}.Release|Any CPU.ActiveCfg = Release|Any CPU
		{486787C5-E6AA-42AE-B3C1-46C1AA3EF20E}.Release|Any CPU.Build.0 = Release|Any CPU
		{521DBBA2-DFDE-4D4E-8B6F-DE498DE6FACA}.Debug|Any CPU.ActiveCfg = Debug|Any CPU
		{521DBBA2-DFDE-4D4E-8B6F-DE498DE6FACA}.Debug|Any CPU.Build.0 = Debug|Any CPU
		{521DBBA2-DFDE-4D4E-8B6F-DE498DE6FACA}.Release|Any CPU.ActiveCfg = Release|Any CPU
		{521DBBA2-DFDE-4D4E-8B6F-DE498DE6FACA}.Release|Any CPU.Build.0 = Release|Any CPU
		{AC4B8D45-DC63-4501-834E-CED4B35049E1}.Debug|Any CPU.ActiveCfg = Debug|Any CPU
		{AC4B8D45-DC63-4501-834E-CED4B35049E1}.Debug|Any CPU.Build.0 = Debug|Any CPU
		{AC4B8D45-DC63-4501-834E-CED4B35049E1}.Release|Any CPU.ActiveCfg = Release|Any CPU
		{AC4B8D45-DC63-4501-834E-CED4B35049E1}.Release|Any CPU.Build.0 = Release|Any CPU
		{B2AF7F2F-A931-42A9-B509-7CF52D971A71}.Debug|Any CPU.ActiveCfg = Debug|Any CPU
		{B2AF7F2F-A931-42A9-B509-7CF52D971A71}.Debug|Any CPU.Build.0 = Debug|Any CPU
		{B2AF7F2F-A931-42A9-B509-7CF52D971A71}.Release|Any CPU.ActiveCfg = Release|Any CPU
		{B2AF7F2F-A931-42A9-B509-7CF52D971A71}.Release|Any CPU.Build.0 = Release|Any CPU
		{5D50C3A8-1251-4E64-B8D3-D85125000E6B}.Debug|Any CPU.ActiveCfg = Debug|Any CPU
		{5D50C3A8-1251-4E64-B8D3-D85125000E6B}.Debug|Any CPU.Build.0 = Debug|Any CPU
		{5D50C3A8-1251-4E64-B8D3-D85125000E6B}.Release|Any CPU.ActiveCfg = Release|Any CPU
		{5D50C3A8-1251-4E64-B8D3-D85125000E6B}.Release|Any CPU.Build.0 = Release|Any CPU
		{80AAB7DA-54F3-47FE-8AD1-DF47B952A34C}.Debug|Any CPU.ActiveCfg = Debug|Any CPU
		{80AAB7DA-54F3-47FE-8AD1-DF47B952A34C}.Debug|Any CPU.Build.0 = Debug|Any CPU
		{80AAB7DA-54F3-47FE-8AD1-DF47B952A34C}.Release|Any CPU.ActiveCfg = Release|Any CPU
		{80AAB7DA-54F3-47FE-8AD1-DF47B952A34C}.Release|Any CPU.Build.0 = Release|Any CPU
	EndGlobalSection
	GlobalSection(SolutionProperties) = preSolution
		HideSolutionNode = FALSE
	EndGlobalSection
	GlobalSection(ExtensibilityGlobals) = postSolution
		SolutionGuid = {6C5058D1-94E0-497B-8840-0B4084592111}
	EndGlobalSection
EndGlobal
